
Microsoft Visual Studio Solution File, Format Version 12.00
# Visual Studio Version 17
VisualStudioVersion = 17.8.0.0
MinimumVisualStudioVersion = 17.8.0.0
Project("{9A19103F-16F7-4668-BE54-9A1E7A4F7556}") = "Segmentation.AppHost", "Segmentation.AppHost\Segmentation.AppHost.csproj", "{8E86F00B-B24C-4D45-8F01-2DD1FD7BB0B3}"
EndProject
Project("{9A19103F-16F7-4668-BE54-9A1E7A4F7556}") = "Segmentation.ServiceDefaults", "Segmentation.ServiceDefaults\Segmentation.ServiceDefaults.csproj", "{B8BC9063-3125-4B4E-9FCF-85282428260F}"
EndProject
Project("{9A19103F-16F7-4668-BE54-9A1E7A4F7556}") = "Segmentation.ApiService", "Segmentation.ApiService\Segmentation.ApiService.csproj", "{41ACFFBD-E260-4120-9525-0DF9E1ABFF51}"
EndProject
Project("{9A19103F-16F7-4668-BE54-9A1E7A4F7556}") = "Segmentation.Web", "Segmentation.Web\Segmentation.Web.csproj", "{5722184D-9777-4EB6-B3EC-BA8BE0E5D64B}"
EndProject
Project("{2150E333-8FDC-42A3-9474-1A3956D46DE8}") = "Domain", "Domain", "{02EA681E-C7D8-13C7-8484-4AC65E1B71E8}"
EndProject
Project("{2150E333-8FDC-42A3-9474-1A3956D46DE8}") = "DataAccess", "DataAccess", "{92807F51-8E2B-42A6-B33A-005F838F6107}"
EndProject
Project("{FAE04EC0-301F-11D3-BF4B-00C04F79EFBC}") = "Segmentation.Domain", "Segmentation.Domain\Segmentation.Domain.csproj", "{9950C9AE-DEB0-4D0B-8246-AA52711A2885}"
EndProject
Project("{FAE04EC0-301F-11D3-BF4B-00C04F79EFBC}") = "Segmentation.DomainModels", "Segmentation.DomainModels\Segmentation.DomainModels.csproj", "{D4DE6DD3-A738-4A29-8B53-06D713EF550C}"
EndProject
Project("{FAE04EC0-301F-11D3-BF4B-00C04F79EFBC}") = "Segmentation.DataAccess", "Segmentation.DataAccess\Segmentation.DataAccess.csproj", "{A0F041C7-8278-4E3A-844F-CD18ABF3B07F}"
EndProject
Project("{2150E333-8FDC-42A3-9474-1A3956D46DE8}") = "tests", "tests", "{1D5EC8B9-6764-424D-8A33-C311EF53F9DC}"
EndProject
Project("{FAE04EC0-301F-11D3-BF4B-00C04F79EFBC}") = "Domain.Tests", "Domain.Tests\Domain.Tests.csproj", "{26B8BC5D-81A7-4D38-867E-96A7F6BB35C7}"
EndProject
Project("{FAE04EC0-301F-11D3-BF4B-00C04F79EFBC}") = "Durak.Engine.Domain", "Durak.Engine.Domain\Durak.Engine.Domain.csproj", "{51EB1400-57EA-44A8-A0D2-220A85BBEA0D}"
EndProject
Global
	GlobalSection(SolutionConfigurationPlatforms) = preSolution
		Debug|Any CPU = Debug|Any CPU
		Release|Any CPU = Release|Any CPU
	EndGlobalSection
	GlobalSection(ProjectConfigurationPlatforms) = postSolution
		{8E86F00B-B24C-4D45-8F01-2DD1FD7BB0B3}.Debug|Any CPU.ActiveCfg = Debug|Any CPU
		{8E86F00B-B24C-4D45-8F01-2DD1FD7BB0B3}.Debug|Any CPU.Build.0 = Debug|Any CPU
		{8E86F00B-B24C-4D45-8F01-2DD1FD7BB0B3}.Release|Any CPU.ActiveCfg = Release|Any CPU
		{8E86F00B-B24C-4D45-8F01-2DD1FD7BB0B3}.Release|Any CPU.Build.0 = Release|Any CPU
		{B8BC9063-3125-4B4E-9FCF-85282428260F}.Debug|Any CPU.ActiveCfg = Debug|Any CPU
		{B8BC9063-3125-4B4E-9FCF-85282428260F}.Debug|Any CPU.Build.0 = Debug|Any CPU
		{B8BC9063-3125-4B4E-9FCF-85282428260F}.Release|Any CPU.ActiveCfg = Release|Any CPU
		{B8BC9063-3125-4B4E-9FCF-85282428260F}.Release|Any CPU.Build.0 = Release|Any CPU
		{41ACFFBD-E260-4120-9525-0DF9E1ABFF51}.Debug|Any CPU.ActiveCfg = Debug|Any CPU
		{41ACFFBD-E260-4120-9525-0DF9E1ABFF51}.Debug|Any CPU.Build.0 = Debug|Any CPU
		{41ACFFBD-E260-4120-9525-0DF9E1ABFF51}.Release|Any CPU.ActiveCfg = Release|Any CPU
		{41ACFFBD-E260-4120-9525-0DF9E1ABFF51}.Release|Any CPU.Build.0 = Release|Any CPU
		{5722184D-9777-4EB6-B3EC-BA8BE0E5D64B}.Debug|Any CPU.ActiveCfg = Debug|Any CPU
		{5722184D-9777-4EB6-B3EC-BA8BE0E5D64B}.Debug|Any CPU.Build.0 = Debug|Any CPU
		{5722184D-9777-4EB6-B3EC-BA8BE0E5D64B}.Release|Any CPU.ActiveCfg = Release|Any CPU
		{5722184D-9777-4EB6-B3EC-BA8BE0E5D64B}.Release|Any CPU.Build.0 = Release|Any CPU
		{9950C9AE-DEB0-4D0B-8246-AA52711A2885}.Debug|Any CPU.ActiveCfg = Debug|Any CPU
		{9950C9AE-DEB0-4D0B-8246-AA52711A2885}.Debug|Any CPU.Build.0 = Debug|Any CPU
		{9950C9AE-DEB0-4D0B-8246-AA52711A2885}.Release|Any CPU.ActiveCfg = Release|Any CPU
		{9950C9AE-DEB0-4D0B-8246-AA52711A2885}.Release|Any CPU.Build.0 = Release|Any CPU
		{D4DE6DD3-A738-4A29-8B53-06D713EF550C}.Debug|Any CPU.ActiveCfg = Debug|Any CPU
		{D4DE6DD3-A738-4A29-8B53-06D713EF550C}.Debug|Any CPU.Build.0 = Debug|Any CPU
		{D4DE6DD3-A738-4A29-8B53-06D713EF550C}.Release|Any CPU.ActiveCfg = Release|Any CPU
		{D4DE6DD3-A738-4A29-8B53-06D713EF550C}.Release|Any CPU.Build.0 = Release|Any CPU
		{A0F041C7-8278-4E3A-844F-CD18ABF3B07F}.Debug|Any CPU.ActiveCfg = Debug|Any CPU
		{A0F041C7-8278-4E3A-844F-CD18ABF3B07F}.Debug|Any CPU.Build.0 = Debug|Any CPU
		{A0F041C7-8278-4E3A-844F-CD18ABF3B07F}.Release|Any CPU.ActiveCfg = Release|Any CPU
		{A0F041C7-8278-4E3A-844F-CD18ABF3B07F}.Release|Any CPU.Build.0 = Release|Any CPU
		{26B8BC5D-81A7-4D38-867E-96A7F6BB35C7}.Debug|Any CPU.ActiveCfg = Debug|Any CPU
		{26B8BC5D-81A7-4D38-867E-96A7F6BB35C7}.Debug|Any CPU.Build.0 = Debug|Any CPU
		{26B8BC5D-81A7-4D38-867E-96A7F6BB35C7}.Release|Any CPU.ActiveCfg = Release|Any CPU
		{26B8BC5D-81A7-4D38-867E-96A7F6BB35C7}.Release|Any CPU.Build.0 = Release|Any CPU
		{51EB1400-57EA-44A8-A0D2-220A85BBEA0D}.Debug|Any CPU.ActiveCfg = Debug|Any CPU
		{51EB1400-57EA-44A8-A0D2-220A85BBEA0D}.Debug|Any CPU.Build.0 = Debug|Any CPU
		{51EB1400-57EA-44A8-A0D2-220A85BBEA0D}.Release|Any CPU.ActiveCfg = Release|Any CPU
		{51EB1400-57EA-44A8-A0D2-220A85BBEA0D}.Release|Any CPU.Build.0 = Release|Any CPU
	EndGlobalSection
	GlobalSection(SolutionProperties) = preSolution
		HideSolutionNode = FALSE
	EndGlobalSection
	GlobalSection(NestedProjects) = preSolution
		{9950C9AE-DEB0-4D0B-8246-AA52711A2885} = {02EA681E-C7D8-13C7-8484-4AC65E1B71E8}
		{D4DE6DD3-A738-4A29-8B53-06D713EF550C} = {02EA681E-C7D8-13C7-8484-4AC65E1B71E8}
		{A0F041C7-8278-4E3A-844F-CD18ABF3B07F} = {92807F51-8E2B-42A6-B33A-005F838F6107}
		{26B8BC5D-81A7-4D38-867E-96A7F6BB35C7} = {1D5EC8B9-6764-424D-8A33-C311EF53F9DC}
		{51EB1400-57EA-44A8-A0D2-220A85BBEA0D} = {02EA681E-C7D8-13C7-8484-4AC65E1B71E8}
	EndGlobalSection
	GlobalSection(ExtensibilityGlobals) = postSolution
		SolutionGuid = {93C647A4-ADC6-4F44-8C69-2B98F7CFFAD9}
	EndGlobalSection
EndGlobal
